
Microsoft Visual Studio Solution File, Format Version 12.00
# Visual Studio Version 17
VisualStudioVersion = 17.2.32526.322
MinimumVisualStudioVersion = 10.0.40219.1
Project("{FAE04EC0-301F-11D3-BF4B-00C04F79EFBC}") = "Army", "Army\Army.csproj", "{BBE60807-2405-46B4-8836-F789D6859481}"
EndProject
Global
	GlobalSection(SolutionConfigurationPlatforms) = preSolution
		Debug|Any CPU = Debug|Any CPU
		Release|Any CPU = Release|Any CPU
	EndGlobalSection
	GlobalSection(ProjectConfigurationPlatforms) = postSolution
		{BBE60807-2405-46B4-8836-F789D6859481}.Debug|Any CPU.ActiveCfg = Debug|Any CPU
		{BBE60807-2405-46B4-8836-F789D6859481}.Debug|Any CPU.Build.0 = Debug|Any CPU
		{BBE60807-2405-46B4-8836-F789D6859481}.Release|Any CPU.ActiveCfg = Release|Any CPU
		{BBE60807-2405-46B4-8836-F789D6859481}.Release|Any CPU.Build.0 = Release|Any CPU
	EndGlobalSection
	GlobalSection(SolutionProperties) = preSolution
		HideSolutionNode = FALSE
	EndGlobalSection
	GlobalSection(ExtensibilityGlobals) = postSolution
		SolutionGuid = {2BF57114-B59A-4BAE-AE31-D3AD4F567099}
	EndGlobalSection
EndGlobal
